// !$*UTF8*$!
{
	archiveVersion = 1;
	classes = {
	};
	objectVersion = 46;
	objects = {

/* Begin PBXCopyFilesBuildPhase section */
		19889AEF1E75B4DA00A05206 /* CopyFiles */ = {
			isa = PBXCopyFilesBuildPhase;
			buildActionMask = 2147483647;
			dstPath = /usr/share/man/man1/;
			dstSubfolderSpec = 0;
			files = (
			);
			runOnlyForDeploymentPostprocessing = 1;
		};
/* End PBXCopyFilesBuildPhase section */

/* Begin PBXFileReference section */
		19889AF11E75B4DA00A05206 /* NetworksProject */ = {isa = PBXFileReference; explicitFileType = "compiled.mach-o.executable"; includeInIndex = 0; path = NetworksProject; sourceTree = BUILT_PRODUCTS_DIR; };
		19889B001E75BCD700A05206 /* task1 */ = {isa = PBXFileReference; lastKnownFileType = folder; path = task1; sourceTree = "<group>"; };
		19889B011E75BCD700A05206 /* task2 */ = {isa = PBXFileReference; lastKnownFileType = folder; path = task2; sourceTree = "<group>"; };
		19889B021E75BCD700A05206 /* task3 */ = {isa = PBXFileReference; lastKnownFileType = folder; path = task3; sourceTree = "<group>"; };
		19889B031E75BCD700A05206 /* task4 */ = {isa = PBXFileReference; lastKnownFileType = folder; path = task4; sourceTree = "<group>"; };
/* End PBXFileReference section */

/* Begin PBXFrameworksBuildPhase section */
		19889AEE1E75B4DA00A05206 /* Frameworks */ = {
			isa = PBXFrameworksBuildPhase;
			buildActionMask = 2147483647;
			files = (
			);
			runOnlyForDeploymentPostprocessing = 0;
		};
/* End PBXFrameworksBuildPhase section */

/* Begin PBXGroup section */
		19889AE81E75B4DA00A05206 = {
			isa = PBXGroup;
			children = (
				19889AF31E75B4DA00A05206 /* NetworksProject */,
				19889AF21E75B4DA00A05206 /* Products */,
			);
			sourceTree = "<group>";
		};
		19889AF21E75B4DA00A05206 /* Products */ = {
			isa = PBXGroup;
			children = (
				19889AF11E75B4DA00A05206 /* NetworksProject */,
			);
			name = Products;
			sourceTree = "<group>";
		};
		19889AF31E75B4DA00A05206 /* NetworksProject */ = {
			isa = PBXGroup;
			children = (
				19889B001E75BCD700A05206 /* task1 */,
				19889B011E75BCD700A05206 /* task2 */,
				19889B021E75BCD700A05206 /* task3 */,
				19889B031E75BCD700A05206 /* task4 */,
			);
			path = NetworksProject;
			sourceTree = "<group>";
		};
/* End PBXGroup section */

/* Begin PBXNativeTarget section */
		19889AF01E75B4DA00A05206 /* NetworksProject */ = {
			isa = PBXNativeTarget;
			buildConfigurationList = 19889AF81E75B4DA00A05206 /* Build configuration list for PBXNativeTarget "NetworksProject" */;
			buildPhases = (
				19889AED1E75B4DA00A05206 /* Sources */,
				19889AEE1E75B4DA00A05206 /* Frameworks */,
				19889AEF1E75B4DA00A05206 /* CopyFiles */,
			);
			buildRules = (
			);
			dependencies = (
			);
			name = NetworksProject;
			productName = NetworksProject;
			productReference = 19889AF11E75B4DA00A05206 /* NetworksProject */;
			productType = "com.apple.product-type.tool";
		};
/* End PBXNativeTarget section */

/* Begin PBXProject section */
		19889AE91E75B4DA00A05206 /* Project object */ = {
			isa = PBXProject;
			attributes = {
				LastUpgradeCheck = 0820;
				ORGANIZATIONNAME = "Patrick Dang-Ho";
				TargetAttributes = {
					19889AF01E75B4DA00A05206 = {
						CreatedOnToolsVersion = 8.2;
						ProvisioningStyle = Automatic;
					};
				};
			};
			buildConfigurationList = 19889AEC1E75B4DA00A05206 /* Build configuration list for PBXProject "NetworksProject" */;
			compatibilityVersion = "Xcode 3.2";
			developmentRegion = English;
			hasScannedForEncodings = 0;
			knownRegions = (
				en,
			);
			mainGroup = 19889AE81E75B4DA00A05206;
			productRefGroup = 19889AF21E75B4DA00A05206 /* Products */;
			projectDirPath = "";
			projectRoot = "";
			targets = (
				19889AF01E75B4DA00A05206 /* NetworksProject */,
			);
		};
/* End PBXProject section */

/* Begin PBXSourcesBuildPhase section */
		19889AED1E75B4DA00A05206 /* Sources */ = {
			isa = PBXSourcesBuildPhase;
			buildActionMask = 2147483647;
			files = (
			);
			runOnlyForDeploymentPostprocessing = 0;
		};
/* End PBXSourcesBuildPhase section */

/* Begin XCBuildConfiguration section */
		19889AF61E75B4DA00A05206 /* Debug */ = {
			isa = XCBuildConfiguration;
			buildSettings = {
				ALWAYS_SEARCH_USER_PATHS = NO;
				CLANG_ANALYZER_NONNULL = YES;
				CLANG_CXX_LANGUAGE_STANDARD = "gnu++0x";
				CLANG_CXX_LIBRARY = "libc++";
				CLANG_ENABLE_MODULES = YES;
				CLANG_ENABLE_OBJC_ARC = YES;
				CLANG_WARN_BOOL_CONVERSION = YES;
				CLANG_WARN_CONSTANT_CONVERSION = YES;
				CLANG_WARN_DIRECT_OBJC_ISA_USAGE = YES_ERROR;
				CLANG_WARN_DOCUMENTATION_COMMENTS = YES;
				CLANG_WARN_EMPTY_BODY = YES;
				CLANG_WARN_ENUM_CONVERSION = YES;
				CLANG_WARN_INFINITE_RECURSION = YES;
				CLANG_WARN_INT_CONVERSION = YES;
				CLANG_WARN_OBJC_ROOT_CLASS = YES_ERROR;
				CLANG_WARN_SUSPICIOUS_MOVE = YES;
				CLANG_WARN_UNREACHABLE_CODE = YES;
				CLANG_WARN__DUPLICATE_METHOD_MATCH = YES;
				CODE_SIGN_IDENTITY = "-";
				COPY_PHASE_STRIP = NO;
				DEBUG_INFORMATION_FORMAT = dwarf;
				ENABLE_STRICT_OBJC_MSGSEND = YES;
				ENABLE_TESTABILITY = YES;
				GCC_C_LANGUAGE_STANDARD = gnu99;
				GCC_DYNAMIC_NO_PIC = NO;
				GCC_NO_COMMON_BLOCKS = YES;
				GCC_OPTIMIZATION_LEVEL = 0;
				GCC_PREPROCESSOR_DEFINITIONS = (
					"DEBUG=1",
					"$(inherited)",
				);
				GCC_WARN_64_TO_32_BIT_CONVERSION = YES;
				GCC_WARN_ABOUT_RETURN_TYPE = YES_ERROR;
				GCC_WARN_UNDECLARED_SELECTOR = YES;
				GCC_WARN_UNINITIALIZED_AUTOS = YES_AGGRESSIVE;
				GCC_WARN_UNUSED_FUNCTION = YES;
				GCC_WARN_UNUSED_VARIABLE = YES;
				MACOSX_DEPLOYMENT_TARGET = 10.12;
				MTL_ENABLE_DEBUG_INFO = YES;
				ONLY_ACTIVE_ARCH = YES;
				SDKROOT = macosx;
			};
			name = Debug;
		};
		19889AF71E75B4DA00A05206 /* Release */ = {
			isa = XCBuildConfiguration;
			buildSettings = {
				ALWAYS_SEARCH_USER_PATHS = NO;
				CLANG_ANALYZER_NONNULL = YES;
				CLANG_CXX_LANGUAGE_STANDARD = "gnu++0x";
				CLANG_CXX_LIBRARY = "libc++";
				CLANG_ENABLE_MODULES = YES;
				CLANG_ENABLE_OBJC_ARC = YES;
				CLANG_WARN_BOOL_CONVERSION = YES;
				CLANG_WARN_CONSTANT_CONVERSION = YES;
				CLANG_WARN_DIRECT_OBJC_ISA_USAGE = YES_ERROR;
				CLANG_WARN_DOCUMENTATION_COMMENTS = YES;
				CLANG_WARN_EMPTY_BODY = YES;
				CLANG_WARN_ENUM_CONVERSION = YES;
				CLANG_WARN_INFINITE_RECURSION = YES;
				CLANG_WARN_INT_CONVERSION = YES;
				CLANG_WARN_OBJC_ROOT_CLASS = YES_ERROR;
				CLANG_WARN_SUSPICIOUS_MOVE = YES;
				CLANG_WARN_UNREACHABLE_CODE = YES;
				CLANG_WARN__DUPLICATE_METHOD_MATCH = YES;
				CODE_SIGN_IDENTITY = "-";
				COPY_PHASE_STRIP = NO;
				DEBUG_INFORMATION_FORMAT = "dwarf-with-dsym";
				ENABLE_NS_ASSERTIONS = NO;
				ENABLE_STRICT_OBJC_MSGSEND = YES;
				GCC_C_LANGUAGE_STANDARD = gnu99;
				GCC_NO_COMMON_BLOCKS = YES;
				GCC_WARN_64_TO_32_BIT_CONVERSION = YES;
				GCC_WARN_ABOUT_RETURN_TYPE = YES_ERROR;
				GCC_WARN_UNDECLARED_SELECTOR = YES;
				GCC_WARN_UNINITIALIZED_AUTOS = YES_AGGRESSIVE;
				GCC_WARN_UNUSED_FUNCTION = YES;
				GCC_WARN_UNUSED_VARIABLE = YES;
				MACOSX_DEPLOYMENT_TARGET = 10.12;
				MTL_ENABLE_DEBUG_INFO = NO;
				SDKROOT = macosx;
			};
			name = Release;
		};
		19889AF91E75B4DA00A05206 /* Debug */ = {
			isa = XCBuildConfiguration;
			buildSettings = {
				PRODUCT_NAME = "$(TARGET_NAME)";
			};
			name = Debug;
		};
		19889AFA1E75B4DA00A05206 /* Release */ = {
			isa = XCBuildConfiguration;
			buildSettings = {
				PRODUCT_NAME = "$(TARGET_NAME)";
			};
			name = Release;
		};
/* End XCBuildConfiguration section */

/* Begin XCConfigurationList section */
		19889AEC1E75B4DA00A05206 /* Build configuration list for PBXProject "NetworksProject" */ = {
			isa = XCConfigurationList;
			buildConfigurations = (
				19889AF61E75B4DA00A05206 /* Debug */,
				19889AF71E75B4DA00A05206 /* Release */,
			);
			defaultConfigurationIsVisible = 0;
			defaultConfigurationName = Release;
		};
		19889AF81E75B4DA00A05206 /* Build configuration list for PBXNativeTarget "NetworksProject" */ = {
			isa = XCConfigurationList;
			buildConfigurations = (
				19889AF91E75B4DA00A05206 /* Debug */,
				19889AFA1E75B4DA00A05206 /* Release */,
			);
			defaultConfigurationIsVisible = 0;
		};
/* End XCConfigurationList section */
	};
	rootObject = 19889AE91E75B4DA00A05206 /* Project object */;
}
